lockfileVersion: '9.0'

settings:
  autoInstallPeers: true
  excludeLinksFromLockfile: false

importers:

  .:
    dependencies:
      '@effect-atom/atom':
        specifier: ^0.4.4
        version: 0.4.11(@effect/experimental@0.57.11(@effect/platform@0.93.8(effect@3.19.13))(effect@3.19.13))(@effect/platform@0.93.8(effect@3.19.13))(@effect/rpc@0.72.2(@effect/platform@0.93.8(effect@3.19.13))(effect@3.19.13))(effect@3.19.13)
      '@effect-atom/atom-react':
        specifier: ^0.4.4
        version: 0.4.4(@effect/experimental@0.57.11(@effect/platform@0.93.8(effect@3.19.13))(effect@3.19.13))(@effect/platform@0.93.8(effect@3.19.13))(@effect/rpc@0.72.2(@effect/platform@0.93.8(effect@3.19.13))(effect@3.19.13))(effect@3.19.13)(react@19.2.3)(scheduler@0.27.0)
      bun-plugin-tailwind:
        specifier: ^0.1.2
        version: 0.1.2(bun@1.3.5)
      effect:
        specifier: ^3.19.13
        version: 3.19.13
      react:
        specifier: ^19
        version: 19.2.3
      react-dom:
        specifier: ^19
        version: 19.2.3(react@19.2.3)
      scheduler:
        specifier: ^0.27.0
        version: 0.27.0
      todomvc-app-css:
        specifier: ^2.4.3
        version: 2.4.3
      todomvc-common:
        specifier: ^1.0.5
        version: 1.0.5
    devDependencies:
      '@effect/language-service':
        specifier: ^0.63.0
        version: 0.63.0
      '@testing-library/dom':
        specifier: ^10.4.0
        version: 10.4.1
      '@testing-library/react':
        specifier: ^16.3.0
        version: 16.3.1(@testing-library/dom@10.4.1)(@types/react-dom@19.2.3(@types/react@19.2.7))(@types/react@19.2.7)(react-dom@19.2.3(react@19.2.3))(react@19.2.3)
      '@types/bun':
        specifier: latest
        version: 1.3.5
      '@types/react':
        specifier: ^19
        version: 19.2.7
      '@types/react-dom':
        specifier: ^19
        version: 19.2.3(@types/react@19.2.7)
      typescript:
        specifier: ^5.9.3
        version: 5.9.3

packages:

  '@babel/code-frame@7.27.1':
    resolution: {integrity: sha512-cjQ7ZlQ0Mv3b47hABuTevyTuYN4i+loJKGeV9flcCgIK37cCXRh+L1bd3iBHlynerhQ7BhCkn2BPbQUL+rGqFg==}
    engines: {node: '>=6.9.0'}

  '@babel/helper-validator-identifier@7.28.5':
    resolution: {integrity: sha512-qSs4ifwzKJSV39ucNjsvc6WVHs6b7S03sOh2OcHF9UHfVPqWWALUsNUVzhSBiItjRZoLHx7nIarVjqKVusUZ1Q==}
    engines: {node: '>=6.9.0'}

  '@babel/runtime@7.28.4':
    resolution: {integrity: sha512-Q/N6JNWvIvPnLDvjlE1OUBLPQHH6l3CltCEsHIujp45zQUSSh8K+gHnaEX45yAT1nyngnINhvWtzN+Nb9D8RAQ==}
    engines: {node: '>=6.9.0'}

  '@effect-atom/atom-react@0.4.4':
    resolution: {integrity: sha512-EWT9WpB67GNCecxQXJdAZNVMhuk3VxpdDfojxg1wOgWmR5TPaGiXA74Jqa2Y9AEjSB0hMMAk7RNve2CoIikg2w==}
    peerDependencies:
      effect: ^3.19
      react: '>=18 <20'
      scheduler: '*'

  '@effect-atom/atom@0.4.11':
    resolution: {integrity: sha512-bahWNw2xQ349HXkqshpls/t4wUu5fbMfjT6/7FhDj1uPjP9BArUAwL1Js5b7EG0ZPonS+G1O9LftpxVWAxr86g==}
    peerDependencies:
      '@effect/experimental': ^0.57.0
      '@effect/platform': ^0.93.0
      '@effect/rpc': ^0.72.1
      effect: ^3.19.0

  '@effect/experimental@0.57.11':
    resolution: {integrity: sha512-M5uug3Drs/gyTHLfA+XzcIZQGUEV/Jn5yi1POki4oZswhpzNmsVTHl4THpxAordRKwa5lFvTSlsRP684YH7pSw==}
    peerDependencies:
      '@effect/platform': ^0.93.6
      effect: ^3.19.9
      ioredis: ^5
      lmdb: ^3
    peerDependenciesMeta:
      ioredis:
        optional: true
      lmdb:
        optional: true

  '@effect/language-service@0.63.0':
    resolution: {integrity: sha512-ATeSq70sLmEIniZzmAdveADgaUFBpVRsKvdFnIewkw6xLV6Misf1h6C1YDIT9xwkB/Ut0GqOZ2qw5/Ufk+bB2A==}
    hasBin: true

  '@effect/platform@0.93.8':
    resolution: {integrity: sha512-xTEy6fyTy4ijmFC3afKgtvYtn/JyPoIov4ZSUWJZUv3VeOcUPNGrrqG6IJlWkXs3NhvSywKv7wc1kw3epCQVZw==}
    peerDependencies:
      effect: ^3.19.12

  '@effect/rpc@0.72.2':
    resolution: {integrity: sha512-BmTXybXCOq96D2r9mvSW/YdiTQs5CStnd4II+lfVKrMr3pMNERKLZ2LG37Tfm4Sy3Q8ire6IVVKO/CN+VR0uQQ==}
    peerDependencies:
      '@effect/platform': ^0.93.3
      effect: ^3.19.5

  '@msgpackr-extract/msgpackr-extract-darwin-arm64@3.0.3':
    resolution: {integrity: sha512-QZHtlVgbAdy2zAqNA9Gu1UpIuI8Xvsd1v8ic6B2pZmeFnFcMWiPLfWXh7TVw4eGEZ/C9TH281KwhVoeQUKbyjw==}
    cpu: [arm64]
    os: [darwin]

  '@msgpackr-extract/msgpackr-extract-darwin-x64@3.0.3':
    resolution: {integrity: sha512-mdzd3AVzYKuUmiWOQ8GNhl64/IoFGol569zNRdkLReh6LRLHOXxU4U8eq0JwaD8iFHdVGqSy4IjFL4reoWCDFw==}
    cpu: [x64]
    os: [darwin]

  '@msgpackr-extract/msgpackr-extract-linux-arm64@3.0.3':
    resolution: {integrity: sha512-YxQL+ax0XqBJDZiKimS2XQaf+2wDGVa1enVRGzEvLLVFeqa5kx2bWbtcSXgsxjQB7nRqqIGFIcLteF/sHeVtQg==}
    cpu: [arm64]
    os: [linux]

  '@msgpackr-extract/msgpackr-extract-linux-arm@3.0.3':
    resolution: {integrity: sha512-fg0uy/dG/nZEXfYilKoRe7yALaNmHoYeIoJuJ7KJ+YyU2bvY8vPv27f7UKhGRpY6euFYqEVhxCFZgAUNQBM3nw==}
    cpu: [arm]
    os: [linux]

  '@msgpackr-extract/msgpackr-extract-linux-x64@3.0.3':
    resolution: {integrity: sha512-cvwNfbP07pKUfq1uH+S6KJ7dT9K8WOE4ZiAcsrSes+UY55E/0jLYc+vq+DO7jlmqRb5zAggExKm0H7O/CBaesg==}
    cpu: [x64]
    os: [linux]

  '@msgpackr-extract/msgpackr-extract-win32-x64@3.0.3':
    resolution: {integrity: sha512-x0fWaQtYp4E6sktbsdAqnehxDgEc/VwM7uLsRCYWaiGu0ykYdZPiS8zCWdnjHwyiumousxfBm4SO31eXqwEZhQ==}
    cpu: [x64]
    os: [win32]

  '@oven/bun-darwin-aarch64@1.3.5':
    resolution: {integrity: sha512-8GvNtMo0NINM7Emk9cNAviCG3teEgr3BUX9be0+GD029zIagx2Sf54jMui1Eu1IpFm7nWHODuLEefGOQNaJ0gQ==}
    cpu: [arm64]
    os: [darwin]

  '@oven/bun-darwin-x64-baseline@1.3.5':
    resolution: {integrity: sha512-p5q3rJk48qhLuLBOFehVc+kqCE03YrswTc6NCxbwsxiwfySXwcAvpF2KWKF/ZZObvvR8hCCvqe1F81b2p5r2dg==}
    cpu: [x64]
    os: [darwin]

  '@oven/bun-darwin-x64@1.3.5':
    resolution: {integrity: sha512-r33eHQOHAwkuiBJIwmkXIyqONQOQMnd1GMTpDzaxx9vf9+svby80LZO9Hcm1ns6KT/TBRFyODC/0loA7FAaffg==}
    cpu: [x64]
    os: [darwin]

  '@oven/bun-linux-aarch64-musl@1.3.5':
    resolution: {integrity: sha512-HKBeUlJdNduRkzJKZ5DXM+pPqntfC50/Hu2X65jVX0Y7hu/6IC8RaUTqpr8FtCZqqmc9wDK0OTL+Mbi9UQIKYQ==}
    cpu: [arm64]
    os: [linux]

  '@oven/bun-linux-aarch64@1.3.5':
    resolution: {integrity: sha512-zkcHPI23QxJ1TdqafhgkXt1NOEN8o5C460sVeNnrhfJ43LwZgtfcvcQE39x/pBedu67fatY8CU0iY00nOh46ZQ==}
    cpu: [arm64]
    os: [linux]

  '@oven/bun-linux-x64-baseline@1.3.5':
    resolution: {integrity: sha512-FeCQyBU62DMuB0nn01vPnf3McXrKOsrK9p7sHaBFYycw0mmoU8kCq/WkBkGMnLuvQljJSyen8QBTx+fXdNupWg==}
    cpu: [x64]
    os: [linux]

  '@oven/bun-linux-x64-musl-baseline@1.3.5':
    resolution: {integrity: sha512-TJiYC7KCr0XxFTsxgwQOeE7dncrEL/RSyL0EzSL3xRkrxJMWBCvCSjQn7LV1i6T7hFst0+3KoN3VWvD5BinqHA==}
    cpu: [x64]
    os: [linux]

  '@oven/bun-linux-x64-musl@1.3.5':
    resolution: {integrity: sha512-XkCCHkByYn8BIDvoxnny898znju4xnW2kvFE8FT5+0Y62cWdcBGMZ9RdsEUTeRz16k8hHtJpaSfLcEmNTFIwRQ==}
    cpu: [x64]
    os: [linux]

  '@oven/bun-linux-x64@1.3.5':
    resolution: {integrity: sha512-n7zhKTSDZS0yOYg5Rq8easZu5Y/o47sv0c7yGr2ciFdcie9uYV55fZ7QMqhWMGK33ezCSikh5EDkUMCIvfWpjA==}
    cpu: [x64]
    os: [linux]

  '@oven/bun-windows-x64-baseline@1.3.5':
    resolution: {integrity: sha512-rtVQB9/1XK8FWJgFtsOthbPifRMYypgJwxu+pK3NHx8WvFKmq7HcPDqNr8xLzGULjQEO7eAo2aOZfONOwYz+5g==}
    cpu: [x64]
    os: [win32]

  '@oven/bun-windows-x64@1.3.5':
    resolution: {integrity: sha512-T3xkODItb/0ftQPFsZDc7EAX2D6A4TEazQ2YZyofZToO8Q7y8YT8ooWdhd0BQiTCd66uEvgE1DCZetynwg2IoA==}
    cpu: [x64]
    os: [win32]

  '@standard-schema/spec@1.1.0':
    resolution: {integrity: sha512-l2aFy5jALhniG5HgqrD6jXLi/rUWrKvqN/qJx6yoJsgKhblVd+iqqU4RCXavm/jPityDo5TCvKMnpjKnOriy0w==}

  '@testing-library/dom@10.4.1':
    resolution: {integrity: sha512-o4PXJQidqJl82ckFaXUeoAW+XysPLauYI43Abki5hABd853iMhitooc6znOnczgbTYmEP6U6/y1ZyKAIsvMKGg==}
    engines: {node: '>=18'}

  '@testing-library/react@16.3.1':
    resolution: {integrity: sha512-gr4KtAWqIOQoucWYD/f6ki+j5chXfcPc74Col/6poTyqTmn7zRmodWahWRCp8tYd+GMqBonw6hstNzqjbs6gjw==}
    engines: {node: '>=18'}
    peerDependencies:
      '@testing-library/dom': ^10.0.0
      '@types/react': ^18.0.0 || ^19.0.0
      '@types/react-dom': ^18.0.0 || ^19.0.0
      react: ^18.0.0 || ^19.0.0
      react-dom: ^18.0.0 || ^19.0.0
    peerDependenciesMeta:
      '@types/react':
        optional: true
      '@types/react-dom':
        optional: true

  '@types/aria-query@5.0.4':
    resolution: {integrity: sha512-rfT93uj5s0PRL7EzccGMs3brplhcrghnDoV26NqKhCAS1hVo+WdNsPvE/yb6ilfr5hi2MEk6d5EWJTKdxg8jVw==}

  '@types/bun@1.3.5':
    resolution: {integrity: sha512-RnygCqNrd3srIPEWBd5LFeUYG7plCoH2Yw9WaZGyNmdTEei+gWaHqydbaIRkIkcbXwhBT94q78QljxN0Sk838w==}

  '@types/node@25.0.3':
    resolution: {integrity: sha512-W609buLVRVmeW693xKfzHeIV6nJGGz98uCPfeXI1ELMLXVeKYZ9m15fAMSaUPBHYLGFsVRcMmSCksQOrZV9BYA==}

  '@types/react-dom@19.2.3':
    resolution: {integrity: sha512-jp2L/eY6fn+KgVVQAOqYItbF0VY/YApe5Mz2F0aykSO8gx31bYCZyvSeYxCHKvzHG5eZjc+zyaS5BrBWya2+kQ==}
    peerDependencies:
      '@types/react': ^19.2.0

  '@types/react@19.2.7':
    resolution: {integrity: sha512-MWtvHrGZLFttgeEj28VXHxpmwYbor/ATPYbBfSFZEIRK0ecCFLl2Qo55z52Hss+UV9CRN7trSeq1zbgx7YDWWg==}

  ansi-regex@5.0.1:
    resolution: {integrity: sha512-quJQXlTSUGL2LH9SUXo8VwsY4soanhgo6LNSm84E1LBcE8s3O0wpdiRzyR9z/ZZJMlMWv37qOOb9pdJlMUEKFQ==}
    engines: {node: '>=8'}

  ansi-styles@5.2.0:
    resolution: {integrity: sha512-Cxwpt2SfTzTtXcfOlzGEee8O+c+MmUgGrNiBcXnuWxuFJHe6a5Hz7qwhwe5OgaSYI0IJvkLqWX1ASG+cJOkEiA==}
    engines: {node: '>=10'}

  aria-query@5.3.0:
    resolution: {integrity: sha512-b0P0sZPKtyu8HkeRAfCq0IfURZK+SuwMjY1UXGBU27wpAiTwQAIlq56IbIO+ytk/JjS1fMR14ee5WBBfKi5J6A==}

  bun-plugin-tailwind@0.1.2:
    resolution: {integrity: sha512-41jNC1tZRSK3s1o7pTNrLuQG8kL/0vR/JgiTmZAJ1eHwe0w5j6HFPKeqEk0WAD13jfrUC7+ULuewFBBCoADPpg==}
    peerDependencies:
      bun: '>=1.0.0'

  bun-types@1.3.5:
    resolution: {integrity: sha512-inmAYe2PFLs0SUbFOWSVD24sg1jFlMPxOjOSSCYqUgn4Hsc3rDc7dFvfVYjFPNHtov6kgUeulV4SxbuIV/stPw==}

  bun@1.3.5:
    resolution: {integrity: sha512-c1YHIGUfgvYPJmLug5QiLzNWlX2Dg7X/67JWu1Va+AmMXNXzC/KQn2lgQ7rD+n1u1UqDpJMowVGGxTNpbPydNw==}
    cpu: [arm64, x64]
    os: [darwin, linux, win32]
    hasBin: true

  csstype@3.2.3:
    resolution: {integrity: sha512-z1HGKcYy2xA8AGQfwrn0PAy+PB7X/GSj3UVJW9qKyn43xWa+gl5nXmU4qqLMRzWVLFC8KusUX8T/0kCiOYpAIQ==}

  dequal@2.0.3:
    resolution: {integrity: sha512-0je+qPKHEMohvfRTCEo3CrPG6cAzAYgmzKyxRiYSSDkS6eGJdyVJm7WaYA5ECaAD9wLB2T4EEeymA5aFVcYXCA==}
    engines: {node: '>=6'}

  detect-libc@2.1.2:
    resolution: {integrity: sha512-Btj2BOOO83o3WyH59e8MgXsxEQVcarkUOpEYrubB0urwnN10yQ364rsiByU11nZlqWYZm05i/of7io4mzihBtQ==}
    engines: {node: '>=8'}

  dom-accessibility-api@0.5.16:
    resolution: {integrity: sha512-X7BJ2yElsnOJ30pZF4uIIDfBEVgF4XEBxL9Bxhy6dnrm5hkzqmsWHGTiHqRiITNhMyFLyAiWndIJP7Z1NTteDg==}

  effect@3.19.13:
    resolution: {integrity: sha512-8MZ783YuHRwHZX2Mmm+bpGxq+7XPd88sWwYAz2Ysry80sEKpftDZXs2Hg9ZyjESi1IBTNHF0oDKe0zJRkUlyew==}

  fast-check@3.23.2:
    resolution: {integrity: sha512-h5+1OzzfCC3Ef7VbtKdcv7zsstUQwUDlYpUTvjeUsJAssPgLn7QzbboPtL5ro04Mq0rPOsMzl7q5hIbRs2wD1A==}
    engines: {node: '>=8.0.0'}

  find-my-way-ts@0.1.6:
    resolution: {integrity: sha512-a85L9ZoXtNAey3Y6Z+eBWW658kO/MwR7zIafkIUPUMf3isZG0NCs2pjW2wtjxAKuJPxMAsHUIP4ZPGv0o5gyTA==}

  js-tokens@4.0.0:
    resolution: {integrity: sha512-RdJUflcE3cUzKiMqQgsCu06FPu9UdIJO0beYbPhHN4k6apgJtifcoCtT9bcxOpYBtpD2kCM6Sbzg4CausW/PKQ==}

  lz-string@1.5.0:
    resolution: {integrity: sha512-h5bgJWpxJNswbU7qCrV0tIKQCaS3blPDrqKWx+QxzuzL1zGUzij9XCWLrSLsJPu5t+eWA/ycetzYAO5IOMcWAQ==}
    hasBin: true

  msgpackr-extract@3.0.3:
    resolution: {integrity: sha512-P0efT1C9jIdVRefqjzOQ9Xml57zpOXnIuS+csaB4MdZbTdmGDLo8XhzBG1N7aO11gKDDkJvBLULeFTo46wwreA==}
    hasBin: true

  msgpackr@1.11.8:
    resolution: {integrity: sha512-bC4UGzHhVvgDNS7kn9tV8fAucIYUBuGojcaLiz7v+P63Lmtm0Xeji8B/8tYKddALXxJLpwIeBmUN3u64C4YkRA==}

  multipasta@0.2.7:
    resolution: {integrity: sha512-KPA58d68KgGil15oDqXjkUBEBYc00XvbPj5/X+dyzeo/lWm9Nc25pQRlf1D+gv4OpK7NM0J1odrbu9JNNGvynA==}

  node-gyp-build-optional-packages@5.2.2:
    resolution: {integrity: sha512-s+w+rBWnpTMwSFbaE0UXsRlg7hU4FjekKU4eyAih5T8nJuNZT1nNsskXpxmeqSK9UzkBl6UgRlnKc8hz8IEqOw==}
    hasBin: true

  picocolors@1.1.1:
    resolution: {integrity: sha512-xceH2snhtb5M9liqDsmEw56le376mTZkEX/jEb/RxNFyegNul7eNslCXP9FDj/Lcu0X8KEyMceP2ntpaHrDEVA==}

  pretty-format@27.5.1:
    resolution: {integrity: sha512-Qb1gy5OrP5+zDf2Bvnzdl3jsTf1qXVMazbvCoKhtKqVs4/YK4ozX4gKQJJVyNe+cajNPn0KoC0MC3FUmaHWEmQ==}
    engines: {node: ^10.13.0 || ^12.13.0 || ^14.15.0 || >=15.0.0}

  pure-rand@6.1.0:
    resolution: {integrity: sha512-bVWawvoZoBYpp6yIoQtQXHZjmz35RSVHnUOTefl8Vcjr8snTPY1wnpSPMWekcFwbxI6gtmT7rSYPFvz71ldiOA==}

  react-dom@19.2.3:
    resolution: {integrity: sha512-yELu4WmLPw5Mr/lmeEpox5rw3RETacE++JgHqQzd2dg+YbJuat3jH4ingc+WPZhxaoFzdv9y33G+F7Nl5O0GBg==}
    peerDependencies:
      react: ^19.2.3

  react-is@17.0.2:
    resolution: {integrity: sha512-w2GsyukL62IJnlaff/nRegPQR94C/XXamvMWmSHRJ4y7Ts/4ocGRmTHvOs8PSE6pB3dWOrD/nueuU5sduBsQ4w==}

  react@19.2.3:
    resolution: {integrity: sha512-Ku/hhYbVjOQnXDZFv2+RibmLFGwFdeeKHFcOTlrt7xplBnya5OGn/hIRDsqDiSUcfORsDC7MPxwork8jBwsIWA==}
    engines: {node: '>=0.10.0'}

  scheduler@0.27.0:
    resolution: {integrity: sha512-eNv+WrVbKu1f3vbYJT/xtiF5syA5HPIMtf9IgY/nKg0sWqzAUEvqY/xm7OcZc/qafLx/iO9FgOmeSAp4v5ti/Q==}

  todomvc-app-css@2.4.3:
    resolution: {integrity: sha512-mSnWZaKBWj9aQcFRsGguY/a8O8NR8GmecD48yU1rzwNemgZa/INLpIsxxMiToFGVth+uEKBrQ7IhWkaXZxwq5Q==}
    engines: {node: '>=4'}

  todomvc-common@1.0.5:
    resolution: {integrity: sha512-D8kEJmxVMQIWwztEdH+WeiAfXRbbSCpgXq4NkYi+gduJ2tr8CNq7sYLfJvjpQ10KD9QxJwig57rvMbV2QAESwQ==}

  typescript@5.9.3:
    resolution: {integrity: sha512-jl1vZzPDinLr9eUt3J/t7V6FgNEw9QjvBPdysz9KfQDD41fQrC2Y4vKQdiaUpFT4bXlb1RHhLpp8wtm6M5TgSw==}
    engines: {node: '>=14.17'}
    hasBin: true

  undici-types@7.16.0:
    resolution: {integrity: sha512-Zz+aZWSj8LE6zoxD+xrjh4VfkIG8Ya6LvYkZqtUQGJPZjYl53ypCaUwWqo7eI0x66KBGeRo+mlBEkMSeSZ38Nw==}

  uuid@11.1.0:
    resolution: {integrity: sha512-0/A9rDy9P7cJ+8w1c9WD9V//9Wj15Ce2MPz8Ri6032usz+NfePxx5AcN3bN+r6ZL6jEo066/yNYB3tn4pQEx+A==}
    hasBin: true

snapshots:

  '@babel/code-frame@7.27.1':
    dependencies:
      '@babel/helper-validator-identifier': 7.28.5
      js-tokens: 4.0.0
      picocolors: 1.1.1

  '@babel/helper-validator-identifier@7.28.5': {}

  '@babel/runtime@7.28.4': {}

  '@effect-atom/atom-react@0.4.4(@effect/experimental@0.57.11(@effect/platform@0.93.8(effect@3.19.13))(effect@3.19.13))(@effect/platform@0.93.8(effect@3.19.13))(@effect/rpc@0.72.2(@effect/platform@0.93.8(effect@3.19.13))(effect@3.19.13))(effect@3.19.13)(react@19.2.3)(scheduler@0.27.0)':
    dependencies:
      '@effect-atom/atom': 0.4.11(@effect/experimental@0.57.11(@effect/platform@0.93.8(effect@3.19.13))(effect@3.19.13))(@effect/platform@0.93.8(effect@3.19.13))(@effect/rpc@0.72.2(@effect/platform@0.93.8(effect@3.19.13))(effect@3.19.13))(effect@3.19.13)
      effect: 3.19.13
      react: 19.2.3
      scheduler: 0.27.0
    transitivePeerDependencies:
      - '@effect/experimental'
      - '@effect/platform'
      - '@effect/rpc'

  '@effect-atom/atom@0.4.11(@effect/experimental@0.57.11(@effect/platform@0.93.8(effect@3.19.13))(effect@3.19.13))(@effect/platform@0.93.8(effect@3.19.13))(@effect/rpc@0.72.2(@effect/platform@0.93.8(effect@3.19.13))(effect@3.19.13))(effect@3.19.13)':
    dependencies:
      '@effect/experimental': 0.57.11(@effect/platform@0.93.8(effect@3.19.13))(effect@3.19.13)
      '@effect/platform': 0.93.8(effect@3.19.13)
      '@effect/rpc': 0.72.2(@effect/platform@0.93.8(effect@3.19.13))(effect@3.19.13)
      effect: 3.19.13

  '@effect/experimental@0.57.11(@effect/platform@0.93.8(effect@3.19.13))(effect@3.19.13)':
    dependencies:
      '@effect/platform': 0.93.8(effect@3.19.13)
      effect: 3.19.13
      uuid: 11.1.0

  '@effect/language-service@0.63.0': {}

  '@effect/platform@0.93.8(effect@3.19.13)':
    dependencies:
      effect: 3.19.13
      find-my-way-ts: 0.1.6
      msgpackr: 1.11.8
      multipasta: 0.2.7

  '@effect/rpc@0.72.2(@effect/platform@0.93.8(effect@3.19.13))(effect@3.19.13)':
    dependencies:
      '@effect/platform': 0.93.8(effect@3.19.13)
      effect: 3.19.13
      msgpackr: 1.11.8

  '@msgpackr-extract/msgpackr-extract-darwin-arm64@3.0.3':
    optional: true

  '@msgpackr-extract/msgpackr-extract-darwin-x64@3.0.3':
    optional: true

  '@msgpackr-extract/msgpackr-extract-linux-arm64@3.0.3':
    optional: true

  '@msgpackr-extract/msgpackr-extract-linux-arm@3.0.3':
    optional: true

  '@msgpackr-extract/msgpackr-extract-linux-x64@3.0.3':
    optional: true

  '@msgpackr-extract/msgpackr-extract-win32-x64@3.0.3':
    optional: true

  '@oven/bun-darwin-aarch64@1.3.5':
    optional: true

  '@oven/bun-darwin-x64-baseline@1.3.5':
    optional: true

  '@oven/bun-darwin-x64@1.3.5':
    optional: true

  '@oven/bun-linux-aarch64-musl@1.3.5':
    optional: true

  '@oven/bun-linux-aarch64@1.3.5':
    optional: true

  '@oven/bun-linux-x64-baseline@1.3.5':
    optional: true

  '@oven/bun-linux-x64-musl-baseline@1.3.5':
    optional: true

  '@oven/bun-linux-x64-musl@1.3.5':
    optional: true

  '@oven/bun-linux-x64@1.3.5':
    optional: true

  '@oven/bun-windows-x64-baseline@1.3.5':
    optional: true

  '@oven/bun-windows-x64@1.3.5':
    optional: true

  '@standard-schema/spec@1.1.0': {}

  '@testing-library/dom@10.4.1':
    dependencies:
      '@babel/code-frame': 7.27.1
      '@babel/runtime': 7.28.4
      '@types/aria-query': 5.0.4
      aria-query: 5.3.0
      dom-accessibility-api: 0.5.16
      lz-string: 1.5.0
      picocolors: 1.1.1
      pretty-format: 27.5.1

  '@testing-library/react@16.3.1(@testing-library/dom@10.4.1)(@types/react-dom@19.2.3(@types/react@19.2.7))(@types/react@19.2.7)(react-dom@19.2.3(react@19.2.3))(react@19.2.3)':
    dependencies:
      '@babel/runtime': 7.28.4
      '@testing-library/dom': 10.4.1
      react: 19.2.3
      react-dom: 19.2.3(react@19.2.3)
    optionalDependencies:
      '@types/react': 19.2.7
      '@types/react-dom': 19.2.3(@types/react@19.2.7)

  '@types/aria-query@5.0.4': {}

  '@types/bun@1.3.5':
    dependencies:
      bun-types: 1.3.5

  '@types/node@25.0.3':
    dependencies:
      undici-types: 7.16.0

  '@types/react-dom@19.2.3(@types/react@19.2.7)':
    dependencies:
      '@types/react': 19.2.7

  '@types/react@19.2.7':
    dependencies:
      csstype: 3.2.3

  ansi-regex@5.0.1: {}

  ansi-styles@5.2.0: {}

  aria-query@5.3.0:
    dependencies:
      dequal: 2.0.3

  bun-plugin-tailwind@0.1.2(bun@1.3.5):
    dependencies:
      bun: 1.3.5

  bun-types@1.3.5:
    dependencies:
      '@types/node': 25.0.3

  bun@1.3.5:
    optionalDependencies:
      '@oven/bun-darwin-aarch64': 1.3.5
      '@oven/bun-darwin-x64': 1.3.5
      '@oven/bun-darwin-x64-baseline': 1.3.5
      '@oven/bun-linux-aarch64': 1.3.5
      '@oven/bun-linux-aarch64-musl': 1.3.5
      '@oven/bun-linux-x64': 1.3.5
      '@oven/bun-linux-x64-baseline': 1.3.5
      '@oven/bun-linux-x64-musl': 1.3.5
      '@oven/bun-linux-x64-musl-baseline': 1.3.5
      '@oven/bun-windows-x64': 1.3.5
      '@oven/bun-windows-x64-baseline': 1.3.5

  csstype@3.2.3: {}

  dequal@2.0.3: {}

  detect-libc@2.1.2:
    optional: true

  dom-accessibility-api@0.5.16: {}

  effect@3.19.13:
    dependencies:
      '@standard-schema/spec': 1.1.0
      fast-check: 3.23.2

  fast-check@3.23.2:
    dependencies:
      pure-rand: 6.1.0

  find-my-way-ts@0.1.6: {}

  js-tokens@4.0.0: {}

  lz-string@1.5.0: {}

  msgpackr-extract@3.0.3:
    dependencies:
      node-gyp-build-optional-packages: 5.2.2
    optionalDependencies:
      '@msgpackr-extract/msgpackr-extract-darwin-arm64': 3.0.3
      '@msgpackr-extract/msgpackr-extract-darwin-x64': 3.0.3
      '@msgpackr-extract/msgpackr-extract-linux-arm': 3.0.3
      '@msgpackr-extract/msgpackr-extract-linux-arm64': 3.0.3
      '@msgpackr-extract/msgpackr-extract-linux-x64': 3.0.3
      '@msgpackr-extract/msgpackr-extract-win32-x64': 3.0.3
    optional: true

  msgpackr@1.11.8:
    optionalDependencies:
      msgpackr-extract: 3.0.3

  multipasta@0.2.7: {}

  node-gyp-build-optional-packages@5.2.2:
    dependencies:
      detect-libc: 2.1.2
    optional: true

  picocolors@1.1.1: {}

  pretty-format@27.5.1:
    dependencies:
      ansi-regex: 5.0.1
      ansi-styles: 5.2.0
      react-is: 17.0.2

  pure-rand@6.1.0: {}

  react-dom@19.2.3(react@19.2.3):
    dependencies:
      react: 19.2.3
      scheduler: 0.27.0

  react-is@17.0.2: {}

  react@19.2.3: {}

  scheduler@0.27.0: {}

  todomvc-app-css@2.4.3: {}

  todomvc-common@1.0.5: {}

  typescript@5.9.3: {}

  undici-types@7.16.0: {}

  uuid@11.1.0: {}
